
Microsoft Visual Studio Solution File, Format Version 12.00
# Visual Studio Version 17
VisualStudioVersion = 17.1.32228.430
MinimumVisualStudioVersion = 10.0.40219.1
Project("{9A19103F-16F7-4668-BE54-9A1E7A4F7556}") = "Smart.Blazor", "Smart.Blazor\Smart.Blazor.csproj", "{9890A76B-C3D3-4962-94A2-314FF3CA4909}"
EndProject
Project("{2150E333-8FDC-42A3-9474-1A3956D46DE8}") = "Solution Items", "Solution Items", "{E99ED895-469B-40F4-AC81-5F50FCAF83BA}"
	ProjectSection(SolutionItems) = preProject
		.editorconfig = .editorconfig
		.gitattributes = .gitattributes
		.gitignore = .gitignore
		Analyzers.ruleset = Analyzers.ruleset
		Directory.Build.props = Directory.Build.props
		Directory.Build.targets = Directory.Build.targets
		LICENSE = LICENSE
		README.md = README.md
		Smart.Blazor.sln.DotSettings = Smart.Blazor.sln.DotSettings
	EndProjectSection
EndProject
Global
	GlobalSection(SolutionConfigurationPlatforms) = preSolution
		Debug|Any CPU = Debug|Any CPU
		Release|Any CPU = Release|Any CPU
	EndGlobalSection
	GlobalSection(ProjectConfigurationPlatforms) = postSolution
		{9890A76B-C3D3-4962-94A2-314FF3CA4909}.Debug|Any CPU.ActiveCfg = Debug|Any CPU
		{9890A76B-C3D3-4962-94A2-314FF3CA4909}.Debug|Any CPU.Build.0 = Debug|Any CPU
		{9890A76B-C3D3-4962-94A2-314FF3CA4909}.Release|Any CPU.ActiveCfg = Release|Any CPU
		{9890A76B-C3D3-4962-94A2-314FF3CA4909}.Release|Any CPU.Build.0 = Release|Any CPU
	EndGlobalSection
	GlobalSection(SolutionProperties) = preSolution
		HideSolutionNode = FALSE
	EndGlobalSection
	GlobalSection(ExtensibilityGlobals) = postSolution
		SolutionGuid = {ABB5A282-7123-4D0F-A954-BE2D46A24F65}
	EndGlobalSection
EndGlobal
